
Microsoft Visual Studio Solution File, Format Version 12.00
# Visual Studio Version 16
VisualStudioVersion = 16.0.31112.23
MinimumVisualStudioVersion = 10.0.40219.1
Project("{FAE04EC0-301F-11D3-BF4B-00C04F79EFBC}") = "HelloWorld", "HelloWorld\HelloWorld.csproj", "{6D523E0D-CA2F-4CFC-8782-E94880064327}"
EndProject
Project("{2150E333-8FDC-42A3-9474-1A3956D46DE8}") = "Solution Items", "Solution Items", "{7177A273-B8F4-4FA1-9838-9D4CA7D49338}"
	ProjectSection(SolutionItems) = preProject
		.editorconfig = .editorconfig
	EndProjectSection
EndProject
Global
	GlobalSection(SolutionConfigurationPlatforms) = preSolution
		Debug|Any CPU = Debug|Any CPU
		Release|Any CPU = Release|Any CPU
	EndGlobalSection
	GlobalSection(ProjectConfigurationPlatforms) = postSolution
		{6D523E0D-CA2F-4CFC-8782-E94880064327}.Debug|Any CPU.ActiveCfg = Debug|Any CPU
		{6D523E0D-CA2F-4CFC-8782-E94880064327}.Debug|Any CPU.Build.0 = Debug|Any CPU
		{6D523E0D-CA2F-4CFC-8782-E94880064327}.Release|Any CPU.ActiveCfg = Release|Any CPU
		{6D523E0D-CA2F-4CFC-8782-E94880064327}.Release|Any CPU.Build.0 = Release|Any CPU
	EndGlobalSection
	GlobalSection(SolutionProperties) = preSolution
		HideSolutionNode = FALSE
	EndGlobalSection
	GlobalSection(ExtensibilityGlobals) = postSolution
		SolutionGuid = {0DF16F4E-5328-46A0-90C9-D4D11F2A4206}
	EndGlobalSection
EndGlobal
